
Microsoft Visual Studio Solution File, Format Version 12.00
# Visual Studio Version 16
VisualStudioVersion = 16.0.32002.261
MinimumVisualStudioVersion = 10.0.40219.1
Project("{FAE04EC0-301F-11D3-BF4B-00C04F79EFBC}") = "DemoImages", "DemoImages\DemoImages.csproj", "{D528EF80-5D3A-4901-8DAB-3DA53176BA89}"
EndProject
Global
	GlobalSection(SolutionConfigurationPlatforms) = preSolution
		Debug|Any CPU = Debug|Any CPU
		Release|Any CPU = Release|Any CPU
	EndGlobalSection
	GlobalSection(ProjectConfigurationPlatforms) = postSolution
		{D528EF80-5D3A-4901-8DAB-3DA53176BA89}.Debug|Any CPU.ActiveCfg = Debug|Any CPU
		{D528EF80-5D3A-4901-8DAB-3DA53176BA89}.Debug|Any CPU.Build.0 = Debug|Any CPU
		{D528EF80-5D3A-4901-8DAB-3DA53176BA89}.Release|Any CPU.ActiveCfg = Release|Any CPU
		{D528EF80-5D3A-4901-8DAB-3DA53176BA89}.Release|Any CPU.Build.0 = Release|Any CPU
	EndGlobalSection
	GlobalSection(SolutionProperties) = preSolution
		HideSolutionNode = FALSE
	EndGlobalSection
	GlobalSection(ExtensibilityGlobals) = postSolution
		SolutionGuid = {C05C6E43-961E-499A-BA90-2F096BFC546C}
	EndGlobalSection
EndGlobal
